{
  "version": "4",
  "specifiers": {
    "jsr:@openai/openai@^4.86.1": "4.86.1",
    "npm:@types/lodash@^4.17.15": "4.17.15",
    "npm:lodash@^4.17.21": "4.17.21",
    "npm:zod@3": "3.24.2",
    "npm:zod@^3.24.2": "3.24.2"
  },
  "jsr": {
    "@openai/openai@4.86.1": {
      "integrity": "6ad50b44c13ae3fde91b861dc6466348bae0ca2d07d8a19e5c4e4b0512f3022a",
      "dependencies": [
        "npm:zod@3"
      ]
    }
  },
  "npm": {
    "@types/lodash@4.17.15": {
      "integrity": "sha512-w/P33JFeySuhN6JLkysYUK2gEmy9kHHFN7E8ro0tkfmlDOgxBDzWEZ/J8cWA+fHqFevpswDTFZnDx+R9lbL6xw=="
    },
    "lodash@4.17.21": {
      "integrity": "sha512-v2kDEe57lecTulaDIuNTPy3Ry4gLGJ6Z1O3vE1krgXZNrsQ+LFTGHVxVjcXPs17LhbZVGedAJv8XZ1tvj5FvSg=="
    },
    "zod@3.24.2": {
      "integrity": "sha512-lY7CDW43ECgW9u1TcT3IoXHflywfVqDYze4waEz812jR/bZ8FHDsl7pFQoSZTz5N+2NqRXs8GBwnAwo3ZNxqhQ=="
    }
  },
  "workspace": {
    "dependencies": [
      "jsr:@openai/openai@^4.86.1",
      "npm:@types/lodash@^4.17.15",
      "npm:lodash@^4.17.21",
      "npm:zod@^3.24.2"
    ]
  }
}
